
Microsoft Visual Studio Solution File, Format Version 12.00
# Visual Studio 15
VisualStudioVersion = 15.0.27130.2027
MinimumVisualStudioVersion = 10.0.40219.1
Project("{FAE04EC0-301F-11D3-BF4B-00C04F79EFBC}") = "HelloWorld", "HelloWorld\HelloWorld.csproj", "{3DD6C22B-970C-4A0A-986C-2ACBEE12D467}"
EndProject
Global
	GlobalSection(SolutionConfigurationPlatforms) = preSolution
		Debug|Any CPU = Debug|Any CPU
		Release|Any CPU = Release|Any CPU
	EndGlobalSection
	GlobalSection(ProjectConfigurationPlatforms) = postSolution
		{3DD6C22B-970C-4A0A-986C-2ACBEE12D467}.Debug|Any CPU.ActiveCfg = Debug|Any CPU
		{3DD6C22B-970C-4A0A-986C-2ACBEE12D467}.Debug|Any CPU.Build.0 = Debug|Any CPU
		{3DD6C22B-970C-4A0A-986C-2ACBEE12D467}.Release|Any CPU.ActiveCfg = Release|Any CPU
		{3DD6C22B-970C-4A0A-986C-2ACBEE12D467}.Release|Any CPU.Build.0 = Release|Any CPU
	EndGlobalSection
	GlobalSection(SolutionProperties) = preSolution
		HideSolutionNode = FALSE
	EndGlobalSection
	GlobalSection(ExtensibilityGlobals) = postSolution
		SolutionGuid = {1643D1CD-107B-4502-9DE0-AA142E6AA240}
	EndGlobalSection
EndGlobal
